
Microsoft Visual Studio Solution File, Format Version 12.00
# Visual Studio Version 16
VisualStudioVersion = 16.0.31229.75
MinimumVisualStudioVersion = 10.0.40219.1
Project("{8BC9CEB8-8B4A-11D0-8D11-00A0C91BC942}") = "HelloRing0Driver", "HelloRing0Driver.vcxproj", "{5EADB354-CEE5-4A88-89FB-31C34D9BCAA3}"
EndProject
Global
	GlobalSection(SolutionConfigurationPlatforms) = preSolution
		Debug|ARM = Debug|ARM
		Debug|ARM64 = Debug|ARM64
		Debug|x64 = Debug|x64
		Debug|x86 = Debug|x86
		Release|ARM = Release|ARM
		Release|ARM64 = Release|ARM64
		Release|x64 = Release|x64
		Release|x86 = Release|x86
	EndGlobalSection
	GlobalSection(ProjectConfigurationPlatforms) = postSolution
		{5EADB354-CEE5-4A88-89FB-31C34D9BCAA3}.Debug|ARM.ActiveCfg = Debug|ARM
		{5EADB354-CEE5-4A88-89FB-31C34D9BCAA3}.Debug|ARM.Build.0 = Debug|ARM
		{5EADB354-CEE5-4A88-89FB-31C34D9BCAA3}.Debug|ARM.Deploy.0 = Debug|ARM
		{5EADB354-CEE5-4A88-89FB-31C34D9BCAA3}.Debug|ARM64.ActiveCfg = Debug|ARM64
		{5EADB354-CEE5-4A88-89FB-31C34D9BCAA3}.Debug|ARM64.Build.0 = Debug|ARM64
		{5EADB354-CEE5-4A88-89FB-31C34D9BCAA3}.Debug|ARM64.Deploy.0 = Debug|ARM64
		{5EADB354-CEE5-4A88-89FB-31C34D9BCAA3}.Debug|x64.ActiveCfg = Debug|x64
		{5EADB354-CEE5-4A88-89FB-31C34D9BCAA3}.Debug|x64.Build.0 = Debug|x64
		{5EADB354-CEE5-4A88-89FB-31C34D9BCAA3}.Debug|x64.Deploy.0 = Debug|x64
		{5EADB354-CEE5-4A88-89FB-31C34D9BCAA3}.Debug|x86.ActiveCfg = Debug|Win32
		{5EADB354-CEE5-4A88-89FB-31C34D9BCAA3}.Debug|x86.Build.0 = Debug|Win32
		{5EADB354-CEE5-4A88-89FB-31C34D9BCAA3}.Debug|x86.Deploy.0 = Debug|Win32
		{5EADB354-CEE5-4A88-89FB-31C34D9BCAA3}.Release|ARM.ActiveCfg = Release|ARM
		{5EADB354-CEE5-4A88-89FB-31C34D9BCAA3}.Release|ARM.Build.0 = Release|ARM
		{5EADB354-CEE5-4A88-89FB-31C34D9BCAA3}.Release|ARM.Deploy.0 = Release|ARM
		{5EADB354-CEE5-4A88-89FB-31C34D9BCAA3}.Release|ARM64.ActiveCfg = Release|ARM64
		{5EADB354-CEE5-4A88-89FB-31C34D9BCAA3}.Release|ARM64.Build.0 = Release|ARM64
		{5EADB354-CEE5-4A88-89FB-31C34D9BCAA3}.Release|ARM64.Deploy.0 = Release|ARM64
		{5EADB354-CEE5-4A88-89FB-31C34D9BCAA3}.Release|x64.ActiveCfg = Release|x64
		{5EADB354-CEE5-4A88-89FB-31C34D9BCAA3}.Release|x64.Build.0 = Release|x64
		{5EADB354-CEE5-4A88-89FB-31C34D9BCAA3}.Release|x64.Deploy.0 = Release|x64
		{5EADB354-CEE5-4A88-89FB-31C34D9BCAA3}.Release|x86.ActiveCfg = Release|Win32
		{5EADB354-CEE5-4A88-89FB-31C34D9BCAA3}.Release|x86.Build.0 = Release|Win32
		{5EADB354-CEE5-4A88-89FB-31C34D9BCAA3}.Release|x86.Deploy.0 = Release|Win32
	EndGlobalSection
	GlobalSection(SolutionProperties) = preSolution
		HideSolutionNode = FALSE
	EndGlobalSection
	GlobalSection(ExtensibilityGlobals) = postSolution
		SolutionGuid = {4523B7BB-F7B7-4D19-9DF2-3B50514AD1EC}
	EndGlobalSection
EndGlobal
